
Microsoft Visual Studio Solution File, Format Version 12.00
# Visual Studio Version 16
VisualStudioVersion = 16.0.30330.147
MinimumVisualStudioVersion = 10.0.40219.1
Project("{FAE04EC0-301F-11D3-BF4B-00C04F79EFBC}") = "Syosetu_Crawler", "Syosetu_Crawler\Syosetu_Crawler.csproj", "{AAA94BA3-F8E0-4F1B-A621-FFCB1C8CBF66}"
EndProject
Global
	GlobalSection(SolutionConfigurationPlatforms) = preSolution
		Debug|Any CPU = Debug|Any CPU
		Release|Any CPU = Release|Any CPU
	EndGlobalSection
	GlobalSection(ProjectConfigurationPlatforms) = postSolution
		{AAA94BA3-F8E0-4F1B-A621-FFCB1C8CBF66}.Debug|Any CPU.ActiveCfg = Debug|Any CPU
		{AAA94BA3-F8E0-4F1B-A621-FFCB1C8CBF66}.Debug|Any CPU.Build.0 = Debug|Any CPU
		{AAA94BA3-F8E0-4F1B-A621-FFCB1C8CBF66}.Release|Any CPU.ActiveCfg = Release|Any CPU
		{AAA94BA3-F8E0-4F1B-A621-FFCB1C8CBF66}.Release|Any CPU.Build.0 = Release|Any CPU
	EndGlobalSection
	GlobalSection(SolutionProperties) = preSolution
		HideSolutionNode = FALSE
	EndGlobalSection
	GlobalSection(ExtensibilityGlobals) = postSolution
		SolutionGuid = {7F7E8685-CB7E-40CE-A5EB-691D14F09C2A}
	EndGlobalSection
EndGlobal
